
Microsoft Visual Studio Solution File, Format Version 12.00
# Visual Studio Version 16
VisualStudioVersion = 16.0.30804.86
MinimumVisualStudioVersion = 10.0.40219.1
Project("{FAE04EC0-301F-11D3-BF4B-00C04F79EFBC}") = "UserWepApplication", "UserWepApplication\UserWepApplication.csproj", "{09A4BABB-A133-4F71-8D1D-E539B4BBA67B}"
EndProject
Global
	GlobalSection(SolutionConfigurationPlatforms) = preSolution
		Debug|Any CPU = Debug|Any CPU
		Release|Any CPU = Release|Any CPU
	EndGlobalSection
	GlobalSection(ProjectConfigurationPlatforms) = postSolution
		{09A4BABB-A133-4F71-8D1D-E539B4BBA67B}.Debug|Any CPU.ActiveCfg = Debug|Any CPU
		{09A4BABB-A133-4F71-8D1D-E539B4BBA67B}.Debug|Any CPU.Build.0 = Debug|Any CPU
		{09A4BABB-A133-4F71-8D1D-E539B4BBA67B}.Release|Any CPU.ActiveCfg = Release|Any CPU
		{09A4BABB-A133-4F71-8D1D-E539B4BBA67B}.Release|Any CPU.Build.0 = Release|Any CPU
	EndGlobalSection
	GlobalSection(SolutionProperties) = preSolution
		HideSolutionNode = FALSE
	EndGlobalSection
	GlobalSection(ExtensibilityGlobals) = postSolution
		SolutionGuid = {C2638D89-0D28-47C4-8AAB-9E3D09CD4650}
	EndGlobalSection
EndGlobal
